{
  "name": "homework-connex",
  "lockfileVersion": 3,
  "requires": true,
  "packages": {
    "": {
      "dependencies": {
        "@angular/material": "^22.0.1",
        "sweetalert2": "^11.26.25"
      }
    },
    "node_modules/@angular/cdk": {
      "version": "22.0.1",
      "resolved": "https://registry.npmjs.org/@angular/cdk/-/cdk-22.0.1.tgz",
      "integrity": "sha512-hSFqsNEmkT9x1Qc+0aJvAEKFo2DPuS8h/ltOVuDYIyXd57DfD7pSLO3CuxfSUK49YhbhwX/TB2L0IfkrnvtXew==",
      "license": "MIT",
      "peer": true,
      "dependencies": {
        "parse5": "^8.0.0",
        "tslib": "^2.3.0"
      },
      "peerDependencies": {
        "@angular/common": "^22.0.0 || ^23.0.0",
        "@angular/core": "^22.0.0 || ^23.0.0",
        "@angular/platform-browser": "^22.0.0 || ^23.0.0",
        "rxjs": "^6.5.3 || ^7.4.0"
      }
    },
    "node_modules/@angular/common": {
      "version": "22.0.1",
      "resolved": "https://registry.npmjs.org/@angular/common/-/common-22.0.1.tgz",
      "integrity": "sha512-EczDHu+ziop3x2CSh9+hdkegTSjblYvuH0y4aZ8biqh+pGFRni24Qu9kZiV5VrBprIJG5NeiCEA2rT6fJ7w/Nw==",
      "license": "MIT",
      "peer": true,
      "dependencies": {
        "tslib": "^2.3.0"
      },
      "engines": {
        "node": "^22.22.3 || ^24.15.0 || >=26.0.0"
      },
      "peerDependencies": {
        "@angular/core": "22.0.1",
        "rxjs": "^6.5.3 || ^7.4.0"
      }
    },
    "node_modules/@angular/core": {
      "version": "22.0.1",
      "resolved": "https://registry.npmjs.org/@angular/core/-/core-22.0.1.tgz",
      "integrity": "sha512-Sk0fz+LR2q6QhJJtCV9ElN1GzoEX6lOB4difMqpOC0yRh/ue+9iKd+x3RRiL4p+dnAiRLQYAKqsXkYlqUm2SMg==",
      "license": "MIT",
      "peer": true,
      "dependencies": {
        "tslib": "^2.3.0"
      },
      "engines": {
        "node": "^22.22.3 || ^24.15.0 || >=26.0.0"
      },
      "peerDependencies": {
        "@angular/compiler": "22.0.1",
        "rxjs": "^6.5.3 || ^7.4.0",
        "zone.js": "~0.15.0 || ~0.16.0"
      },
      "peerDependenciesMeta": {
        "@angular/compiler": {
          "optional": true
        },
        "zone.js": {
          "optional": true
        }
      }
    },
    "node_modules/@angular/forms": {
      "version": "22.0.1",
      "resolved": "https://registry.npmjs.org/@angular/forms/-/forms-22.0.1.tgz",
      "integrity": "sha512-9an74j0DtSeY4XMp5crkAdlxmhdRNq6cKlN9dxGch6udEr2SjHDP7hYoNXJ6y5yna5FEa/t+1SltWF0OVPIVxw==",
      "license": "MIT",
      "peer": true,
      "dependencies": {
        "@standard-schema/spec": "^1.0.0",
        "tslib": "^2.3.0",
        "zod": "^4.0.10"
      },
      "engines": {
        "node": "^22.22.3 || ^24.15.0 || >=26.0.0"
      },
      "peerDependencies": {
        "@angular/common": "22.0.1",
        "@angular/core": "22.0.1",
        "@angular/platform-browser": "22.0.1",
        "rxjs": "^6.5.3 || ^7.4.0"
      }
    },
    "node_modules/@angular/material": {
      "version": "22.0.1",
      "resolved": "https://registry.npmjs.org/@angular/material/-/material-22.0.1.tgz",
      "integrity": "sha512-qP28XmDwRjH7Bd/r02a1GaiMd1ao0VgUOAITCrPQB8McrxFC2wDJBR3MBQaSriZnyWpCzj3jGcQWhZpQMoxOFA==",
      "license": "MIT",
      "dependencies": {
        "tslib": "^2.3.0"
      },
      "peerDependencies": {
        "@angular/cdk": "22.0.1",
        "@angular/common": "^22.0.0 || ^23.0.0",
        "@angular/core": "^22.0.0 || ^23.0.0",
        "@angular/forms": "^22.0.0 || ^23.0.0",
        "@angular/platform-browser": "^22.0.0 || ^23.0.0",
        "rxjs": "^6.5.3 || ^7.4.0"
      }
    },
    "node_modules/@angular/platform-browser": {
      "version": "22.0.1",
      "resolved": "https://registry.npmjs.org/@angular/platform-browser/-/platform-browser-22.0.1.tgz",
      "integrity": "sha512-wbj/ddrMIOHKrONcFlDmHfJKUZq4dX8pzcxsLFTQ6sppUKtzWMrkxtCVkSPJLEzs6OG3OupRrc1yHbL/V+ffsw==",
      "license": "MIT",
      "peer": true,
      "dependencies": {
        "tslib": "^2.3.0"
      },
      "engines": {
        "node": "^22.22.3 || ^24.15.0 || >=26.0.0"
      },
      "peerDependencies": {
        "@angular/animations": "22.0.1",
        "@angular/common": "22.0.1",
        "@angular/core": "22.0.1"
      },
      "peerDependenciesMeta": {
        "@angular/animations": {
          "optional": true
        }
      }
    },
    "node_modules/@standard-schema/spec": {
      "version": "1.1.0",
      "resolved": "https://registry.npmjs.org/@standard-schema/spec/-/spec-1.1.0.tgz",
      "integrity": "sha512-l2aFy5jALhniG5HgqrD6jXLi/rUWrKvqN/qJx6yoJsgKhblVd+iqqU4RCXavm/jPityDo5TCvKMnpjKnOriy0w==",
      "license": "MIT",
      "peer": true
    },
    "node_modules/entities": {
      "version": "8.0.0",
      "resolved": "https://registry.npmjs.org/entities/-/entities-8.0.0.tgz",
      "integrity": "sha512-zwfzJecQ/Uej6tusMqwAqU/6KL2XaB2VZ2Jg54Je6ahNBGNH6Ek6g3jjNCF0fG9EWQKGZNddNjU5F1ZQn/sBnA==",
      "license": "BSD-2-Clause",
      "peer": true,
      "engines": {
        "node": ">=20.19.0"
      },
      "funding": {
        "url": "https://github.com/fb55/entities?sponsor=1"
      }
    },
    "node_modules/parse5": {
      "version": "8.0.1",
      "resolved": "https://registry.npmjs.org/parse5/-/parse5-8.0.1.tgz",
      "integrity": "sha512-z1e/HMG90obSGeidlli3hj7cbocou0/wa5HacvI3ASx34PecNjNQeaHNo5WIZpWofN9kgkqV1q5YvXe3F0FoPw==",
      "license": "MIT",
      "peer": true,
      "dependencies": {
        "entities": "^8.0.0"
      },
      "funding": {
        "url": "https://github.com/inikulin/parse5?sponsor=1"
      }
    },
    "node_modules/rxjs": {
      "version": "7.8.2",
      "resolved": "https://registry.npmjs.org/rxjs/-/rxjs-7.8.2.tgz",
      "integrity": "sha512-dhKf903U/PQZY6boNNtAGdWbG85WAbjT/1xYoZIC7FAY0yWapOBQVsVrDl58W86//e1VpMNBtRV4MaXfdMySFA==",
      "license": "Apache-2.0",
      "peer": true,
      "dependencies": {
        "tslib": "^2.1.0"
      }
    },
    "node_modules/sweetalert2": {
      "version": "11.26.25",
      "resolved": "https://registry.npmjs.org/sweetalert2/-/sweetalert2-11.26.25.tgz",
      "integrity": "sha512-+hunCOJdJ6FLj04T9YSLvvZXRjsvIkTeTKP2e4VF8CaBias961BTnWiSFAy7F/CM5eq3QK2Rraoc5Gzftslvkg==",
      "license": "MIT",
      "funding": {
        "type": "individual",
        "url": "https://github.com/sponsors/limonte"
      }
    },
    "node_modules/tslib": {
      "version": "2.8.1",
      "resolved": "https://registry.npmjs.org/tslib/-/tslib-2.8.1.tgz",
      "integrity": "sha512-oJFu94HQb+KVduSUQL7wnpmqnfmLsOA/nAh6b6EH0wCEoK0/mPeXU6c3wKDV83MkOuHPRHtSXKKU99IBazS/2w==",
      "license": "0BSD"
    },
    "node_modules/zod": {
      "version": "4.4.3",
      "resolved": "https://registry.npmjs.org/zod/-/zod-4.4.3.tgz",
      "integrity": "sha512-ytENFjIJFl2UwYglde2jchW2Hwm4GJFLDiSXWdTrJQBIN9Fcyp7n4DhxJEiWNAJMV1/BqWfW/kkg71UDcHJyTQ==",
      "license": "MIT",
      "peer": true,
      "funding": {
        "url": "https://github.com/sponsors/colinhacks"
      }
    }
  }
}
